
Microsoft Visual Studio Solution File, Format Version 12.00
# Visual Studio Version 17
VisualStudioVersion = 17.4.33403.182
MinimumVisualStudioVersion = 10.0.40219.1
Project("{FAE04EC0-301F-11D3-BF4B-00C04F79EFBC}") = "Calculator", "Calculator\Calculator.csproj", "{B850057D-7090-44EB-A910-D04393888F52}"
EndProject
Project("{FAE04EC0-301F-11D3-BF4B-00C04F79EFBC}") = "CalculatorTester", "CalculatorTester\CalculatorTester.csproj", "{06A80101-17C8-4419-BCEB-E7314CB2E53B}"
EndProject
Global
	GlobalSection(SolutionConfigurationPlatforms) = preSolution
		Debug|Any CPU = Debug|Any CPU
		Release|Any CPU = Release|Any CPU
	EndGlobalSection
	GlobalSection(ProjectConfigurationPlatforms) = postSolution
		{B850057D-7090-44EB-A910-D04393888F52}.Debug|Any CPU.ActiveCfg = Debug|Any CPU
		{B850057D-7090-44EB-A910-D04393888F52}.Debug|Any CPU.Build.0 = Debug|Any CPU
		{B850057D-7090-44EB-A910-D04393888F52}.Release|Any CPU.ActiveCfg = Release|Any CPU
		{B850057D-7090-44EB-A910-D04393888F52}.Release|Any CPU.Build.0 = Release|Any CPU
		{06A80101-17C8-4419-BCEB-E7314CB2E53B}.Debug|Any CPU.ActiveCfg = Debug|Any CPU
		{06A80101-17C8-4419-BCEB-E7314CB2E53B}.Debug|Any CPU.Build.0 = Debug|Any CPU
		{06A80101-17C8-4419-BCEB-E7314CB2E53B}.Release|Any CPU.ActiveCfg = Release|Any CPU
		{06A80101-17C8-4419-BCEB-E7314CB2E53B}.Release|Any CPU.Build.0 = Release|Any CPU
	EndGlobalSection
	GlobalSection(SolutionProperties) = preSolution
		HideSolutionNode = FALSE
	EndGlobalSection
	GlobalSection(ExtensibilityGlobals) = postSolution
		SolutionGuid = {FD858FEB-F1B1-497A-A240-2748F08C80F9}
	EndGlobalSection
EndGlobal
